
Microsoft Visual Studio Solution File, Format Version 12.00
# Visual Studio Version 16
VisualStudioVersion = 16.0.31702.278
MinimumVisualStudioVersion = 10.0.40219.1
Project("{9A19103F-16F7-4668-BE54-9A1E7A4F7556}") = "KampIntro", "KampIntro\KampIntro.csproj", "{F685008E-2996-47F3-AAF8-EE534181C6E5}"
EndProject
Project("{9A19103F-16F7-4668-BE54-9A1E7A4F7556}") = "Loops", "Loops\Loops.csproj", "{633D9314-C3A8-4682-8FDF-8FC7E4A04118}"
EndProject
Project("{9A19103F-16F7-4668-BE54-9A1E7A4F7556}") = "ClassIntro", "ClassIntro\ClassIntro.csproj", "{A0804093-5489-413B-AEDC-9A4F705B2341}"
EndProject
Project("{9A19103F-16F7-4668-BE54-9A1E7A4F7556}") = "SwitchCase", "SwitchCase\SwitchCase.csproj", "{478584BC-33E1-4421-8507-F0BE93852F5E}"
EndProject
Project("{9A19103F-16F7-4668-BE54-9A1E7A4F7556}") = "E-ticaretProduct", "E-ticaretProduct\E-ticaretProduct.csproj", "{9C7FF881-E300-466F-8212-C22D96D7007A}"
EndProject
Project("{9A19103F-16F7-4668-BE54-9A1E7A4F7556}") = "Methods", "Methods\Methods.csproj", "{C5F3F6F9-EE09-4026-9A83-C66886B06611}"
EndProject
Project("{9A19103F-16F7-4668-BE54-9A1E7A4F7556}") = "Maths", "Maths\Maths.csproj", "{D99E932D-D35A-47AB-931B-8F4E4C2BD52E}"
EndProject
Project("{9A19103F-16F7-4668-BE54-9A1E7A4F7556}") = "DegerVeReferansTipler", "DegerVeReferansTipler\DegerVeReferansTipler.csproj", "{BB5314AB-6F18-4645-A59F-DEAAC08B8CA6}"
EndProject
Project("{9A19103F-16F7-4668-BE54-9A1E7A4F7556}") = "ClassMethodsDemo", "ClassMethodsDemo\ClassMethodsDemo.csproj", "{23E6442E-A740-4383-84E4-90E23C544602}"
EndProject
Project("{9A19103F-16F7-4668-BE54-9A1E7A4F7556}") = "OOP1", "OOP1\OOP1.csproj", "{F8F316BF-411B-4BAC-B819-A6B08C78668B}"
EndProject
Project("{9A19103F-16F7-4668-BE54-9A1E7A4F7556}") = "Collections", "Collections\Collections.csproj", "{29C7005B-2567-4C03-B020-8B44331131C2}"
EndProject
Project("{9A19103F-16F7-4668-BE54-9A1E7A4F7556}") = "GenericsIntro", "GenericsIntro\GenericsIntro.csproj", "{A27850BC-4953-4172-BDF0-4E82FEC493E2}"
EndProject
Project("{9A19103F-16F7-4668-BE54-9A1E7A4F7556}") = "Dictionary", "Dictionary\Dictionary.csproj", "{5EB63A9C-1449-458E-8661-1ADCAB1F9D5E}"
EndProject
Project("{FAE04EC0-301F-11D3-BF4B-00C04F79EFBC}") = "OOP2", "OOP2\OOP2.csproj", "{BB919CB9-A327-4B9F-A15E-96EED77493ED}"
EndProject
Project("{FAE04EC0-301F-11D3-BF4B-00C04F79EFBC}") = "OOP3", "OOP3\OOP3.csproj", "{EADFA461-5399-47E1-9555-1382FF5AA04E}"
EndProject
Global
	GlobalSection(SolutionConfigurationPlatforms) = preSolution
		Debug|Any CPU = Debug|Any CPU
		Release|Any CPU = Release|Any CPU
	EndGlobalSection
	GlobalSection(ProjectConfigurationPlatforms) = postSolution
		{F685008E-2996-47F3-AAF8-EE534181C6E5}.Debug|Any CPU.ActiveCfg = Debug|Any CPU
		{F685008E-2996-47F3-AAF8-EE534181C6E5}.Debug|Any CPU.Build.0 = Debug|Any CPU
		{F685008E-2996-47F3-AAF8-EE534181C6E5}.Release|Any CPU.ActiveCfg = Release|Any CPU
		{F685008E-2996-47F3-AAF8-EE534181C6E5}.Release|Any CPU.Build.0 = Release|Any CPU
		{633D9314-C3A8-4682-8FDF-8FC7E4A04118}.Debug|Any CPU.ActiveCfg = Debug|Any CPU
		{633D9314-C3A8-4682-8FDF-8FC7E4A04118}.Debug|Any CPU.Build.0 = Debug|Any CPU
		{633D9314-C3A8-4682-8FDF-8FC7E4A04118}.Release|Any CPU.ActiveCfg = Release|Any CPU
		{633D9314-C3A8-4682-8FDF-8FC7E4A04118}.Release|Any CPU.Build.0 = Release|Any CPU
		{A0804093-5489-413B-AEDC-9A4F705B2341}.Debug|Any CPU.ActiveCfg = Debug|Any CPU
		{A0804093-5489-413B-AEDC-9A4F705B2341}.Debug|Any CPU.Build.0 = Debug|Any CPU
		{A0804093-5489-413B-AEDC-9A4F705B2341}.Release|Any CPU.ActiveCfg = Release|Any CPU
		{A0804093-5489-413B-AEDC-9A4F705B2341}.Release|Any CPU.Build.0 = Release|Any CPU
		{478584BC-33E1-4421-8507-F0BE93852F5E}.Debug|Any CPU.ActiveCfg = Debug|Any CPU
		{478584BC-33E1-4421-8507-F0BE93852F5E}.Debug|Any CPU.Build.0 = Debug|Any CPU
		{478584BC-33E1-4421-8507-F0BE93852F5E}.Release|Any CPU.ActiveCfg = Release|Any CPU
		{478584BC-33E1-4421-8507-F0BE93852F5E}.Release|Any CPU.Build.0 = Release|Any CPU
		{9C7FF881-E300-466F-8212-C22D96D7007A}.Debug|Any CPU.ActiveCfg = Debug|Any CPU
		{9C7FF881-E300-466F-8212-C22D96D7007A}.Debug|Any CPU.Build.0 = Debug|Any CPU
		{9C7FF881-E300-466F-8212-C22D96D7007A}.Release|Any CPU.ActiveCfg = Release|Any CPU
		{9C7FF881-E300-466F-8212-C22D96D7007A}.Release|Any CPU.Build.0 = Release|Any CPU
		{C5F3F6F9-EE09-4026-9A83-C66886B06611}.Debug|Any CPU.ActiveCfg = Debug|Any CPU
		{C5F3F6F9-EE09-4026-9A83-C66886B06611}.Debug|Any CPU.Build.0 = Debug|Any CPU
		{C5F3F6F9-EE09-4026-9A83-C66886B06611}.Release|Any CPU.ActiveCfg = Release|Any CPU
		{C5F3F6F9-EE09-4026-9A83-C66886B06611}.Release|Any CPU.Build.0 = Release|Any CPU
		{D99E932D-D35A-47AB-931B-8F4E4C2BD52E}.Debug|Any CPU.ActiveCfg = Debug|Any CPU
		{D99E932D-D35A-47AB-931B-8F4E4C2BD52E}.Debug|Any CPU.Build.0 = Debug|Any CPU
		{D99E932D-D35A-47AB-931B-8F4E4C2BD52E}.Release|Any CPU.ActiveCfg = Release|Any CPU
		{D99E932D-D35A-47AB-931B-8F4E4C2BD52E}.Release|Any CPU.Build.0 = Release|Any CPU
		{BB5314AB-6F18-4645-A59F-DEAAC08B8CA6}.Debug|Any CPU.ActiveCfg = Debug|Any CPU
		{BB5314AB-6F18-4645-A59F-DEAAC08B8CA6}.Debug|Any CPU.Build.0 = Debug|Any CPU
		{BB5314AB-6F18-4645-A59F-DEAAC08B8CA6}.Release|Any CPU.ActiveCfg = Release|Any CPU
		{BB5314AB-6F18-4645-A59F-DEAAC08B8CA6}.Release|Any CPU.Build.0 = Release|Any CPU
		{23E6442E-A740-4383-84E4-90E23C544602}.Debug|Any CPU.ActiveCfg = Debug|Any CPU
		{23E6442E-A740-4383-84E4-90E23C544602}.Debug|Any CPU.Build.0 = Debug|Any CPU
		{23E6442E-A740-4383-84E4-90E23C544602}.Release|Any CPU.ActiveCfg = Release|Any CPU
		{23E6442E-A740-4383-84E4-90E23C544602}.Release|Any CPU.Build.0 = Release|Any CPU
		{F8F316BF-411B-4BAC-B819-A6B08C78668B}.Debug|Any CPU.ActiveCfg = Debug|Any CPU
		{F8F316BF-411B-4BAC-B819-A6B08C78668B}.Debug|Any CPU.Build.0 = Debug|Any CPU
		{F8F316BF-411B-4BAC-B819-A6B08C78668B}.Release|Any CPU.ActiveCfg = Release|Any CPU
		{F8F316BF-411B-4BAC-B819-A6B08C78668B}.Release|Any CPU.Build.0 = Release|Any CPU
		{29C7005B-2567-4C03-B020-8B44331131C2}.Debug|Any CPU.ActiveCfg = Debug|Any CPU
		{29C7005B-2567-4C03-B020-8B44331131C2}.Debug|Any CPU.Build.0 = Debug|Any CPU
		{29C7005B-2567-4C03-B020-8B44331131C2}.Release|Any CPU.ActiveCfg = Release|Any CPU
		{29C7005B-2567-4C03-B020-8B44331131C2}.Release|Any CPU.Build.0 = Release|Any CPU
		{A27850BC-4953-4172-BDF0-4E82FEC493E2}.Debug|Any CPU.ActiveCfg = Debug|Any CPU
		{A27850BC-4953-4172-BDF0-4E82FEC493E2}.Debug|Any CPU.Build.0 = Debug|Any CPU
		{A27850BC-4953-4172-BDF0-4E82FEC493E2}.Release|Any CPU.ActiveCfg = Release|Any CPU
		{A27850BC-4953-4172-BDF0-4E82FEC493E2}.Release|Any CPU.Build.0 = Release|Any CPU
		{5EB63A9C-1449-458E-8661-1ADCAB1F9D5E}.Debug|Any CPU.ActiveCfg = Debug|Any CPU
		{5EB63A9C-1449-458E-8661-1ADCAB1F9D5E}.Debug|Any CPU.Build.0 = Debug|Any CPU
		{5EB63A9C-1449-458E-8661-1ADCAB1F9D5E}.Release|Any CPU.ActiveCfg = Release|Any CPU
		{5EB63A9C-1449-458E-8661-1ADCAB1F9D5E}.Release|Any CPU.Build.0 = Release|Any CPU
		{BB919CB9-A327-4B9F-A15E-96EED77493ED}.Debug|Any CPU.ActiveCfg = Debug|Any CPU
		{BB919CB9-A327-4B9F-A15E-96EED77493ED}.Debug|Any CPU.Build.0 = Debug|Any CPU
		{BB919CB9-A327-4B9F-A15E-96EED77493ED}.Release|Any CPU.ActiveCfg = Release|Any CPU
		{BB919CB9-A327-4B9F-A15E-96EED77493ED}.Release|Any CPU.Build.0 = Release|Any CPU
		{EADFA461-5399-47E1-9555-1382FF5AA04E}.Debug|Any CPU.ActiveCfg = Debug|Any CPU
		{EADFA461-5399-47E1-9555-1382FF5AA04E}.Debug|Any CPU.Build.0 = Debug|Any CPU
		{EADFA461-5399-47E1-9555-1382FF5AA04E}.Release|Any CPU.ActiveCfg = Release|Any CPU
		{EADFA461-5399-47E1-9555-1382FF5AA04E}.Release|Any CPU.Build.0 = Release|Any CPU
	EndGlobalSection
	GlobalSection(SolutionProperties) = preSolution
		HideSolutionNode = FALSE
	EndGlobalSection
	GlobalSection(ExtensibilityGlobals) = postSolution
		SolutionGuid = {76663B84-BF66-4640-8D5C-C5A32FE2E7D1}
	EndGlobalSection
EndGlobal
